{
  "requires": true,
  "lockfileVersion": 1,
  "dependencies": {
    "@angular/animations": {
      "version": "7.0.1",
      "resolved": "https://registry.npmjs.org/@angular/animations/-/animations-7.0.1.tgz",
      "integrity": "sha512-gRirN4Maduh198VhpI1cLoWCtD/BTQT4lPuwiVkHYaradiwEqPlyE+EP/4QZRmFZH+BqwvjS+FYtICznE668Cg==",
      "requires": {
        "tslib": "^1.9.0"
      }
    },
    "@angular/material": {
      "version": "7.0.1",
      "resolved": "https://registry.npmjs.org/@angular/material/-/material-7.0.1.tgz",
      "integrity": "sha512-/gf2G+/W/SB/54Q+EDKWfaDFuj403XYMSY3IcFJmuR4H8KkDtDr6bM9/HrRpYWNIlrVwOrKE9ByeoFzm5yDmvA==",
      "requires": {
        "tslib": "^1.7.1"
      }
    },
    "bootstrap3": {
      "version": "3.3.5",
      "resolved": "https://registry.npmjs.org/bootstrap3/-/bootstrap3-3.3.5.tgz",
      "integrity": "sha1-SWpO9sCHIU+paDgZbWDeZF6CWRo="
    },
    "tslib": {
      "version": "1.9.3",
      "resolved": "https://registry.npmjs.org/tslib/-/tslib-1.9.3.tgz",
      "integrity": "sha512-4krF8scpejhaOgqzBEcGM7yDIEfi0/8+8zDRZhNZZ2kjmHJ4hv3zCbQWxoJGz1iw5U0Jl0nma13xzHXcncMavQ=="
    }
  }
}
